
Microsoft Visual Studio Solution File, Format Version 11.00
# Visual Studio 2010
Project("{159641D6-6404-4A2A-AE62-294DE0FE8301}") = "Common Transformations", "Common Transformations\Common Transformations.dtproj", "{E2920128-F05A-4E40-A820-4C9F480790FE}"
EndProject
Global
	GlobalSection(SolutionConfigurationPlatforms) = preSolution
		Development|Default = Development|Default
	EndGlobalSection
	GlobalSection(ProjectConfigurationPlatforms) = postSolution
		{E2920128-F05A-4E40-A820-4C9F480790FE}.Development|Default.ActiveCfg = Development
		{E2920128-F05A-4E40-A820-4C9F480790FE}.Development|Default.Build.0 = Development
	EndGlobalSection
	GlobalSection(SolutionProperties) = preSolution
		HideSolutionNode = FALSE
	EndGlobalSection
EndGlobal
